// !$*UTF8*$!
{
	archiveVersion = 1;
	classes = {
	};
	objectVersion = 46;
	objects = {

/* Begin PBXBuildFile section */
		5704CE9470EB8412FE452683 /* libPods-FreeTalkUITests.a in Frameworks */ = {isa = PBXBuildFile; fileRef = D6CE8993B22285B581F41FB7 /* libPods-FreeTalkUITests.a */; };
		5970D43F1DEDBCB6000A1AD0 /* Assets.xcassets in Resources */ = {isa = PBXBuildFile; fileRef = 5970D43E1DEDBCB6000A1AD0 /* Assets.xcassets */; };
		5970D44D1DEDBCB6000A1AD0 /* FreeTalkTests.m in Sources */ = {isa = PBXBuildFile; fileRef = 5970D44C1DEDBCB6000A1AD0 /* FreeTalkTests.m */; };
		5970D4581DEDBCB6000A1AD0 /* FreeTalkUITests.m in Sources */ = {isa = PBXBuildFile; fileRef = 5970D4571DEDBCB6000A1AD0 /* FreeTalkUITests.m */; };
		5970D4811DEDBFCA000A1AD0 /* AppDelegate.m in Sources */ = {isa = PBXBuildFile; fileRef = 5970D4781DEDBFCA000A1AD0 /* AppDelegate.m */; };
		5970D4831DEDBFCA000A1AD0 /* UIView+Frame.m in Sources */ = {isa = PBXBuildFile; fileRef = 5970D47D1DEDBFCA000A1AD0 /* UIView+Frame.m */; };
		5970D4841DEDBFCA000A1AD0 /* main.m in Sources */ = {isa = PBXBuildFile; fileRef = 5970D47F1DEDBFCA000A1AD0 /* main.m */; };
		5970D4871DEDC0D7000A1AD0 /* FTMainTabViewController.m in Sources */ = {isa = PBXBuildFile; fileRef = 5970D4861DEDC0D7000A1AD0 /* FTMainTabViewController.m */; };
		5970D48A1DEDC128000A1AD0 /* FTMainNavViewController.m in Sources */ = {isa = PBXBuildFile; fileRef = 5970D4891DEDC128000A1AD0 /* FTMainNavViewController.m */; };
		5970D48D1DEDC264000A1AD0 /* FTCircleViewController.m in Sources */ = {isa = PBXBuildFile; fileRef = 5970D48C1DEDC264000A1AD0 /* FTCircleViewController.m */; };
		5970D4901DEDC288000A1AD0 /* FTChatViewController.m in Sources */ = {isa = PBXBuildFile; fileRef = 5970D48F1DEDC288000A1AD0 /* FTChatViewController.m */; };
		5970D4931DEDC2A2000A1AD0 /* FTMeViewController.m in Sources */ = {isa = PBXBuildFile; fileRef = 5970D4921DEDC2A2000A1AD0 /* FTMeViewController.m */; };
		5970D4951DEDD245000A1AD0 /* CocoaAsyncSocket.framework in Frameworks */ = {isa = PBXBuildFile; fileRef = 5970D4941DEDD245000A1AD0 /* CocoaAsyncSocket.framework */; };
		5970D4961DEDD245000A1AD0 /* CocoaAsyncSocket.framework in Embed Frameworks */ = {isa = PBXBuildFile; fileRef = 5970D4941DEDD245000A1AD0 /* CocoaAsyncSocket.framework */; settings = {ATTRIBUTES = (CodeSignOnCopy, RemoveHeadersOnCopy, ); }; };
		6FA53193F67B693883FF14EB /* libPods-FreeTalk.a in Frameworks */ = {isa = PBXBuildFile; fileRef = E42CCFD31C4BEA0B39999E99 /* libPods-FreeTalk.a */; };
		D1E47D4D66672DD5F06C0675 /* libPods-FreeTalkTests.a in Frameworks */ = {isa = PBXBuildFile; fileRef = 7289569D9887A868AF2D1BCF /* libPods-FreeTalkTests.a */; };
/* End PBXBuildFile section */

/* Begin PBXContainerItemProxy section */
		5970D4491DEDBCB6000A1AD0 /* PBXContainerItemProxy */ = {
			isa = PBXContainerItemProxy;
			containerPortal = 5970D4271DEDBCB5000A1AD0 /* Project object */;
			proxyType = 1;
			remoteGlobalIDString = 5970D42E1DEDBCB6000A1AD0;
			remoteInfo = FreeTalk;
		};
		5970D4541DEDBCB6000A1AD0 /* PBXContainerItemProxy */ = {
			isa = PBXContainerItemProxy;
			containerPortal = 5970D4271DEDBCB5000A1AD0 /* Project object */;
			proxyType = 1;
			remoteGlobalIDString = 5970D42E1DEDBCB6000A1AD0;
			remoteInfo = FreeTalk;
		};
/* End PBXContainerItemProxy section */

/* Begin PBXCopyFilesBuildPhase section */
		5970D4971DEDD245000A1AD0 /* Embed Frameworks */ = {
			isa = PBXCopyFilesBuildPhase;
			buildActionMask = 2147483647;
			dstPath = "";
			dstSubfolderSpec = 10;
			files = (
				5970D4961DEDD245000A1AD0 /* CocoaAsyncSocket.framework in Embed Frameworks */,
			);
			name = "Embed Frameworks";
			runOnlyForDeploymentPostprocessing = 0;
		};
/* End PBXCopyFilesBuildPhase section */

/* Begin PBXFileReference section */
		133095AAEA73AB09C0129685 /* Pods-FreeTalk.release.xcconfig */ = {isa = PBXFileReference; includeInIndex = 1; lastKnownFileType = text.xcconfig; name = "Pods-FreeTalk.release.xcconfig"; path = "Pods/Target Support Files/Pods-FreeTalk/Pods-FreeTalk.release.xcconfig"; sourceTree = "<group>"; };
		2542A5330FEB641A213843AC /* Pods-FreeTalkTests.debug.xcconfig */ = {isa = PBXFileReference; includeInIndex = 1; lastKnownFileType = text.xcconfig; name = "Pods-FreeTalkTests.debug.xcconfig"; path = "Pods/Target Support Files/Pods-FreeTalkTests/Pods-FreeTalkTests.debug.xcconfig"; sourceTree = "<group>"; };
		5970D42F1DEDBCB6000A1AD0 /* FreeTalk.app */ = {isa = PBXFileReference; explicitFileType = wrapper.application; includeInIndex = 0; path = FreeTalk.app; sourceTree = BUILT_PRODUCTS_DIR; };
		5970D43E1DEDBCB6000A1AD0 /* Assets.xcassets */ = {isa = PBXFileReference; lastKnownFileType = folder.assetcatalog; path = Assets.xcassets; sourceTree = "<group>"; };
		5970D4431DEDBCB6000A1AD0 /* Info.plist */ = {isa = PBXFileReference; lastKnownFileType = text.plist.xml; path = Info.plist; sourceTree = "<group>"; };
		5970D4481DEDBCB6000A1AD0 /* FreeTalkTests.xctest */ = {isa = PBXFileReference; explicitFileType = wrapper.cfbundle; includeInIndex = 0; path = FreeTalkTests.xctest; sourceTree = BUILT_PRODUCTS_DIR; };
		5970D44C1DEDBCB6000A1AD0 /* FreeTalkTests.m */ = {isa = PBXFileReference; lastKnownFileType = sourcecode.c.objc; path = FreeTalkTests.m; sourceTree = "<group>"; };
		5970D44E1DEDBCB6000A1AD0 /* Info.plist */ = {isa = PBXFileReference; lastKnownFileType = text.plist.xml; path = Info.plist; sourceTree = "<group>"; };
		5970D4531DEDBCB6000A1AD0 /* FreeTalkUITests.xctest */ = {isa = PBXFileReference; explicitFileType = wrapper.cfbundle; includeInIndex = 0; path = FreeTalkUITests.xctest; sourceTree = BUILT_PRODUCTS_DIR; };
		5970D4571DEDBCB6000A1AD0 /* FreeTalkUITests.m */ = {isa = PBXFileReference; lastKnownFileType = sourcecode.c.objc; path = FreeTalkUITests.m; sourceTree = "<group>"; };
		5970D4591DEDBCB6000A1AD0 /* Info.plist */ = {isa = PBXFileReference; lastKnownFileType = text.plist.xml; path = Info.plist; sourceTree = "<group>"; };
		5970D4771DEDBFCA000A1AD0 /* AppDelegate.h */ = {isa = PBXFileReference; fileEncoding = 4; lastKnownFileType = sourcecode.c.h; path = AppDelegate.h; sourceTree = "<group>"; };
		5970D4781DEDBFCA000A1AD0 /* AppDelegate.m */ = {isa = PBXFileReference; fileEncoding = 4; lastKnownFileType = sourcecode.c.objc; path = AppDelegate.m; sourceTree = "<group>"; };
		5970D47C1DEDBFCA000A1AD0 /* UIView+Frame.h */ = {isa = PBXFileReference; fileEncoding = 4; lastKnownFileType = sourcecode.c.h; path = "UIView+Frame.h"; sourceTree = "<group>"; };
		5970D47D1DEDBFCA000A1AD0 /* UIView+Frame.m */ = {isa = PBXFileReference; fileEncoding = 4; lastKnownFileType = sourcecode.c.objc; path = "UIView+Frame.m"; sourceTree = "<group>"; };
		5970D47F1DEDBFCA000A1AD0 /* main.m */ = {isa = PBXFileReference; fileEncoding = 4; lastKnownFileType = sourcecode.c.objc; path = main.m; sourceTree = "<group>"; };
		5970D4851DEDC0D7000A1AD0 /* FTMainTabViewController.h */ = {isa = PBXFileReference; fileEncoding = 4; lastKnownFileType = sourcecode.c.h; path = FTMainTabViewController.h; sourceTree = "<group>"; };
		5970D4861DEDC0D7000A1AD0 /* FTMainTabViewController.m */ = {isa = PBXFileReference; fileEncoding = 4; lastKnownFileType = sourcecode.c.objc; path = FTMainTabViewController.m; sourceTree = "<group>"; };
		5970D4881DEDC128000A1AD0 /* FTMainNavViewController.h */ = {isa = PBXFileReference; fileEncoding = 4; lastKnownFileType = sourcecode.c.h; path = FTMainNavViewController.h; sourceTree = "<group>"; };
		5970D4891DEDC128000A1AD0 /* FTMainNavViewController.m */ = {isa = PBXFileReference; fileEncoding = 4; lastKnownFileType = sourcecode.c.objc; path = FTMainNavViewController.m; sourceTree = "<group>"; };
		5970D48B1DEDC264000A1AD0 /* FTCircleViewController.h */ = {isa = PBXFileReference; fileEncoding = 4; lastKnownFileType = sourcecode.c.h; path = FTCircleViewController.h; sourceTree = "<group>"; };
		5970D48C1DEDC264000A1AD0 /* FTCircleViewController.m */ = {isa = PBXFileReference; fileEncoding = 4; lastKnownFileType = sourcecode.c.objc; path = FTCircleViewController.m; sourceTree = "<group>"; };
		5970D48E1DEDC288000A1AD0 /* FTChatViewController.h */ = {isa = PBXFileReference; fileEncoding = 4; lastKnownFileType = sourcecode.c.h; path = FTChatViewController.h; sourceTree = "<group>"; };
		5970D48F1DEDC288000A1AD0 /* FTChatViewController.m */ = {isa = PBXFileReference; fileEncoding = 4; lastKnownFileType = sourcecode.c.objc; path = FTChatViewController.m; sourceTree = "<group>"; };
		5970D4911DEDC2A2000A1AD0 /* FTMeViewController.h */ = {isa = PBXFileReference; fileEncoding = 4; lastKnownFileType = sourcecode.c.h; path = FTMeViewController.h; sourceTree = "<group>"; };
		5970D4921DEDC2A2000A1AD0 /* FTMeViewController.m */ = {isa = PBXFileReference; fileEncoding = 4; lastKnownFileType = sourcecode.c.objc; path = FTMeViewController.m; sourceTree = "<group>"; };
		5970D4941DEDD245000A1AD0 /* CocoaAsyncSocket.framework */ = {isa = PBXFileReference; lastKnownFileType = wrapper.framework; name = CocoaAsyncSocket.framework; path = Carthage/Build/iOS/CocoaAsyncSocket.framework; sourceTree = "<group>"; };
		7289569D9887A868AF2D1BCF /* libPods-FreeTalkTests.a */ = {isa = PBXFileReference; explicitFileType = archive.ar; includeInIndex = 0; path = "libPods-FreeTalkTests.a"; sourceTree = BUILT_PRODUCTS_DIR; };
		7FFC53C4AE049BB02D6FF871 /* Pods-FreeTalkUITests.debug.xcconfig */ = {isa = PBXFileReference; includeInIndex = 1; lastKnownFileType = text.xcconfig; name = "Pods-FreeTalkUITests.debug.xcconfig"; path = "Pods/Target Support Files/Pods-FreeTalkUITests/Pods-FreeTalkUITests.debug.xcconfig"; sourceTree = "<group>"; };
		D6CE8993B22285B581F41FB7 /* libPods-FreeTalkUITests.a */ = {isa = PBXFileReference; explicitFileType = archive.ar; includeInIndex = 0; path = "libPods-FreeTalkUITests.a"; sourceTree = BUILT_PRODUCTS_DIR; };
		E1A7BF1BF5BCB049436A0B7F /* Pods-FreeTalkUITests.release.xcconfig */ = {isa = PBXFileReference; includeInIndex = 1; lastKnownFileType = text.xcconfig; name = "Pods-FreeTalkUITests.release.xcconfig"; path = "Pods/Target Support Files/Pods-FreeTalkUITests/Pods-FreeTalkUITests.release.xcconfig"; sourceTree = "<group>"; };
		E42CCFD31C4BEA0B39999E99 /* libPods-FreeTalk.a */ = {isa = PBXFileReference; explicitFileType = archive.ar; includeInIndex = 0; path = "libPods-FreeTalk.a"; sourceTree = BUILT_PRODUCTS_DIR; };
		E4EAFFC60108EAF541D3A9C8 /* Pods-FreeTalkTests.release.xcconfig */ = {isa = PBXFileReference; includeInIndex = 1; lastKnownFileType = text.xcconfig; name = "Pods-FreeTalkTests.release.xcconfig"; path = "Pods/Target Support Files/Pods-FreeTalkTests/Pods-FreeTalkTests.release.xcconfig"; sourceTree = "<group>"; };
		E8C6B87C7DC0573BC6114D28 /* Pods-FreeTalk.debug.xcconfig */ = {isa = PBXFileReference; includeInIndex = 1; lastKnownFileType = text.xcconfig; name = "Pods-FreeTalk.debug.xcconfig"; path = "Pods/Target Support Files/Pods-FreeTalk/Pods-FreeTalk.debug.xcconfig"; sourceTree = "<group>"; };
/* End PBXFileReference section */

/* Begin PBXFrameworksBuildPhase section */
		5970D42C1DEDBCB6000A1AD0 /* Frameworks */ = {
			isa = PBXFrameworksBuildPhase;
			buildActionMask = 2147483647;
			files = (
				5970D4951DEDD245000A1AD0 /* CocoaAsyncSocket.framework in Frameworks */,
				6FA53193F67B693883FF14EB /* libPods-FreeTalk.a in Frameworks */,
			);
			runOnlyForDeploymentPostprocessing = 0;
		};
		5970D4451DEDBCB6000A1AD0 /* Frameworks */ = {
			isa = PBXFrameworksBuildPhase;
			buildActionMask = 2147483647;
			files = (
				D1E47D4D66672DD5F06C0675 /* libPods-FreeTalkTests.a in Frameworks */,
			);
			runOnlyForDeploymentPostprocessing = 0;
		};
		5970D4501DEDBCB6000A1AD0 /* Frameworks */ = {
			isa = PBXFrameworksBuildPhase;
			buildActionMask = 2147483647;
			files = (
				5704CE9470EB8412FE452683 /* libPods-FreeTalkUITests.a in Frameworks */,
			);
			runOnlyForDeploymentPostprocessing = 0;
		};
/* End PBXFrameworksBuildPhase section */

/* Begin PBXGroup section */
		5970D4261DEDBCB5000A1AD0 = {
			isa = PBXGroup;
			children = (
				5970D4941DEDD245000A1AD0 /* CocoaAsyncSocket.framework */,
				5970D4311DEDBCB6000A1AD0 /* FreeTalk */,
				5970D44B1DEDBCB6000A1AD0 /* FreeTalkTests */,
				5970D4561DEDBCB6000A1AD0 /* FreeTalkUITests */,
				5970D4301DEDBCB6000A1AD0 /* Products */,
				6E779DE55ABB61FF8E280A65 /* Pods */,
				BB02BB8ABBF36E8BA3216943 /* Frameworks */,
			);
			sourceTree = "<group>";
		};
		5970D4301DEDBCB6000A1AD0 /* Products */ = {
			isa = PBXGroup;
			children = (
				5970D42F1DEDBCB6000A1AD0 /* FreeTalk.app */,
				5970D4481DEDBCB6000A1AD0 /* FreeTalkTests.xctest */,
				5970D4531DEDBCB6000A1AD0 /* FreeTalkUITests.xctest */,
			);
			name = Products;
			sourceTree = "<group>";
		};
		5970D4311DEDBCB6000A1AD0 /* FreeTalk */ = {
			isa = PBXGroup;
			children = (
				5970D4651DEDBFCA000A1AD0 /* Classes */,
				5970D43E1DEDBCB6000A1AD0 /* Assets.xcassets */,
				5970D4431DEDBCB6000A1AD0 /* Info.plist */,
				5970D4321DEDBCB6000A1AD0 /* Supporting Files */,
			);
			path = FreeTalk;
			sourceTree = "<group>";
		};
		5970D4321DEDBCB6000A1AD0 /* Supporting Files */ = {
			isa = PBXGroup;
			children = (
			);
			name = "Supporting Files";
			sourceTree = "<group>";
		};
		5970D44B1DEDBCB6000A1AD0 /* FreeTalkTests */ = {
			isa = PBXGroup;
			children = (
				5970D44C1DEDBCB6000A1AD0 /* FreeTalkTests.m */,
				5970D44E1DEDBCB6000A1AD0 /* Info.plist */,
			);
			path = FreeTalkTests;
			sourceTree = "<group>";
		};
		5970D4561DEDBCB6000A1AD0 /* FreeTalkUITests */ = {
			isa = PBXGroup;
			children = (
				5970D4571DEDBCB6000A1AD0 /* FreeTalkUITests.m */,
				5970D4591DEDBCB6000A1AD0 /* Info.plist */,
			);
			path = FreeTalkUITests;
			sourceTree = "<group>";
		};
		5970D4651DEDBFCA000A1AD0 /* Classes */ = {
			isa = PBXGroup;
			children = (
				5970D4661DEDBFCA000A1AD0 /* Chat */,
				5970D46A1DEDBFCA000A1AD0 /* Circle */,
				5970D46E1DEDBFCA000A1AD0 /* Main */,
				5970D4721DEDBFCA000A1AD0 /* Me */,
				5970D4761DEDBFCA000A1AD0 /* Other */,
				5970D4801DEDBFCA000A1AD0 /* Tool */,
			);
			path = Classes;
			sourceTree = "<group>";
		};
		5970D4661DEDBFCA000A1AD0 /* Chat */ = {
			isa = PBXGroup;
			children = (
				5970D4671DEDBFCA000A1AD0 /* Controller */,
				5970D4681DEDBFCA000A1AD0 /* Model */,
				5970D4691DEDBFCA000A1AD0 /* View */,
			);
			path = Chat;
			sourceTree = "<group>";
		};
		5970D4671DEDBFCA000A1AD0 /* Controller */ = {
			isa = PBXGroup;
			children = (
				5970D48E1DEDC288000A1AD0 /* FTChatViewController.h */,
				5970D48F1DEDC288000A1AD0 /* FTChatViewController.m */,
			);
			path = Controller;
			sourceTree = "<group>";
		};
		5970D4681DEDBFCA000A1AD0 /* Model */ = {
			isa = PBXGroup;
			children = (
			);
			path = Model;
			sourceTree = "<group>";
		};
		5970D4691DEDBFCA000A1AD0 /* View */ = {
			isa = PBXGroup;
			children = (
			);
			path = View;
			sourceTree = "<group>";
		};
		5970D46A1DEDBFCA000A1AD0 /* Circle */ = {
			isa = PBXGroup;
			children = (
				5970D46B1DEDBFCA000A1AD0 /* Controller */,
				5970D46C1DEDBFCA000A1AD0 /* Model */,
				5970D46D1DEDBFCA000A1AD0 /* View */,
			);
			path = Circle;
			sourceTree = "<group>";
		};
		5970D46B1DEDBFCA000A1AD0 /* Controller */ = {
			isa = PBXGroup;
			children = (
				5970D48B1DEDC264000A1AD0 /* FTCircleViewController.h */,
				5970D48C1DEDC264000A1AD0 /* FTCircleViewController.m */,
			);
			path = Controller;
			sourceTree = "<group>";
		};
		5970D46C1DEDBFCA000A1AD0 /* Model */ = {
			isa = PBXGroup;
			children = (
			);
			path = Model;
			sourceTree = "<group>";
		};
		5970D46D1DEDBFCA000A1AD0 /* View */ = {
			isa = PBXGroup;
			children = (
			);
			path = View;
			sourceTree = "<group>";
		};
		5970D46E1DEDBFCA000A1AD0 /* Main */ = {
			isa = PBXGroup;
			children = (
				5970D46F1DEDBFCA000A1AD0 /* Controller */,
				5970D4701DEDBFCA000A1AD0 /* Model */,
				5970D4711DEDBFCA000A1AD0 /* View */,
			);
			path = Main;
			sourceTree = "<group>";
		};
		5970D46F1DEDBFCA000A1AD0 /* Controller */ = {
			isa = PBXGroup;
			children = (
				5970D4851DEDC0D7000A1AD0 /* FTMainTabViewController.h */,
				5970D4861DEDC0D7000A1AD0 /* FTMainTabViewController.m */,
				5970D4881DEDC128000A1AD0 /* FTMainNavViewController.h */,
				5970D4891DEDC128000A1AD0 /* FTMainNavViewController.m */,
			);
			path = Controller;
			sourceTree = "<group>";
		};
		5970D4701DEDBFCA000A1AD0 /* Model */ = {
			isa = PBXGroup;
			children = (
			);
			path = Model;
			sourceTree = "<group>";
		};
		5970D4711DEDBFCA000A1AD0 /* View */ = {
			isa = PBXGroup;
			children = (
			);
			path = View;
			sourceTree = "<group>";
		};
		5970D4721DEDBFCA000A1AD0 /* Me */ = {
			isa = PBXGroup;
			children = (
				5970D4731DEDBFCA000A1AD0 /* Controller */,
				5970D4741DEDBFCA000A1AD0 /* Model */,
				5970D4751DEDBFCA000A1AD0 /* View */,
			);
			path = Me;
			sourceTree = "<group>";
		};
		5970D4731DEDBFCA000A1AD0 /* Controller */ = {
			isa = PBXGroup;
			children = (
				5970D4911DEDC2A2000A1AD0 /* FTMeViewController.h */,
				5970D4921DEDC2A2000A1AD0 /* FTMeViewController.m */,
			);
			path = Controller;
			sourceTree = "<group>";
		};
		5970D4741DEDBFCA000A1AD0 /* Model */ = {
			isa = PBXGroup;
			children = (
			);
			path = Model;
			sourceTree = "<group>";
		};
		5970D4751DEDBFCA000A1AD0 /* View */ = {
			isa = PBXGroup;
			children = (
			);
			path = View;
			sourceTree = "<group>";
		};
		5970D4761DEDBFCA000A1AD0 /* Other */ = {
			isa = PBXGroup;
			children = (
				5970D4771DEDBFCA000A1AD0 /* AppDelegate.h */,
				5970D4781DEDBFCA000A1AD0 /* AppDelegate.m */,
				5970D4791DEDBFCA000A1AD0 /* Category */,
				5970D47E1DEDBFCA000A1AD0 /* Libs */,
				5970D47F1DEDBFCA000A1AD0 /* main.m */,
			);
			path = Other;
			sourceTree = "<group>";
		};
		5970D4791DEDBFCA000A1AD0 /* Category */ = {
			isa = PBXGroup;
			children = (
				5970D47C1DEDBFCA000A1AD0 /* UIView+Frame.h */,
				5970D47D1DEDBFCA000A1AD0 /* UIView+Frame.m */,
			);
			path = Category;
			sourceTree = "<group>";
		};
		5970D47E1DEDBFCA000A1AD0 /* Libs */ = {
			isa = PBXGroup;
			children = (
			);
			path = Libs;
			sourceTree = "<group>";
		};
		5970D4801DEDBFCA000A1AD0 /* Tool */ = {
			isa = PBXGroup;
			children = (
			);
			path = Tool;
			sourceTree = "<group>";
		};
		6E779DE55ABB61FF8E280A65 /* Pods */ = {
			isa = PBXGroup;
			children = (
				E8C6B87C7DC0573BC6114D28 /* Pods-FreeTalk.debug.xcconfig */,
				133095AAEA73AB09C0129685 /* Pods-FreeTalk.release.xcconfig */,
				2542A5330FEB641A213843AC /* Pods-FreeTalkTests.debug.xcconfig */,
				E4EAFFC60108EAF541D3A9C8 /* Pods-FreeTalkTests.release.xcconfig */,
				7FFC53C4AE049BB02D6FF871 /* Pods-FreeTalkUITests.debug.xcconfig */,
				E1A7BF1BF5BCB049436A0B7F /* Pods-FreeTalkUITests.release.xcconfig */,
			);
			name = Pods;
			sourceTree = "<group>";
		};
		BB02BB8ABBF36E8BA3216943 /* Frameworks */ = {
			isa = PBXGroup;
			children = (
				E42CCFD31C4BEA0B39999E99 /* libPods-FreeTalk.a */,
				7289569D9887A868AF2D1BCF /* libPods-FreeTalkTests.a */,
				D6CE8993B22285B581F41FB7 /* libPods-FreeTalkUITests.a */,
			);
			name = Frameworks;
			sourceTree = "<group>";
		};
/* End PBXGroup section */

/* Begin PBXNativeTarget section */
		5970D42E1DEDBCB6000A1AD0 /* FreeTalk */ = {
			isa = PBXNativeTarget;
			buildConfigurationList = 5970D45C1DEDBCB6000A1AD0 /* Build configuration list for PBXNativeTarget "FreeTalk" */;
			buildPhases = (
				48963780BE1FEA74D1A79E68 /* 📦 Check Pods Manifest.lock */,
				5970D42B1DEDBCB6000A1AD0 /* Sources */,
				5970D42C1DEDBCB6000A1AD0 /* Frameworks */,
				5970D42D1DEDBCB6000A1AD0 /* Resources */,
				5970D4971DEDD245000A1AD0 /* Embed Frameworks */,
				5970D4981DEDD27E000A1AD0 /* ShellScript */,
				0F9ACCE338774C2AD3DCA930 /* 📦 Embed Pods Frameworks */,
				52B3C50F12F40919A0273931 /* 📦 Copy Pods Resources */,
			);
			buildRules = (
			);
			dependencies = (
			);
			name = FreeTalk;
			productName = FreeTalk;
			productReference = 5970D42F1DEDBCB6000A1AD0 /* FreeTalk.app */;
			productType = "com.apple.product-type.application";
		};
		5970D4471DEDBCB6000A1AD0 /* FreeTalkTests */ = {
			isa = PBXNativeTarget;
			buildConfigurationList = 5970D45F1DEDBCB6000A1AD0 /* Build configuration list for PBXNativeTarget "FreeTalkTests" */;
			buildPhases = (
				09E64D88A94E2A95CA5D5465 /* 📦 Check Pods Manifest.lock */,
				5970D4441DEDBCB6000A1AD0 /* Sources */,
				5970D4451DEDBCB6000A1AD0 /* Frameworks */,
				5970D4461DEDBCB6000A1AD0 /* Resources */,
				B664D0CE4EF129F2305D927E /* 📦 Embed Pods Frameworks */,
				AACA3BE1C181B04C96C657CB /* 📦 Copy Pods Resources */,
			);
			buildRules = (
			);
			dependencies = (
				5970D44A1DEDBCB6000A1AD0 /* PBXTargetDependency */,
			);
			name = FreeTalkTests;
			productName = FreeTalkTests;
			productReference = 5970D4481DEDBCB6000A1AD0 /* FreeTalkTests.xctest */;
			productType = "com.apple.product-type.bundle.unit-test";
		};
		5970D4521DEDBCB6000A1AD0 /* FreeTalkUITests */ = {
			isa = PBXNativeTarget;
			buildConfigurationList = 5970D4621DEDBCB6000A1AD0 /* Build configuration list for PBXNativeTarget "FreeTalkUITests" */;
			buildPhases = (
				AE079D1827B8E56FD6D38084 /* 📦 Check Pods Manifest.lock */,
				5970D44F1DEDBCB6000A1AD0 /* Sources */,
				5970D4501DEDBCB6000A1AD0 /* Frameworks */,
				5970D4511DEDBCB6000A1AD0 /* Resources */,
				D56E52BC619FF5B42196226D /* 📦 Copy Pods Resources */,
			);
			buildRules = (
			);
			dependencies = (
				5970D4551DEDBCB6000A1AD0 /* PBXTargetDependency */,
			);
			name = FreeTalkUITests;
			productName = FreeTalkUITests;
			productReference = 5970D4531DEDBCB6000A1AD0 /* FreeTalkUITests.xctest */;
			productType = "com.apple.product-type.bundle.ui-testing";
		};
/* End PBXNativeTarget section */

/* Begin PBXProject section */
		5970D4271DEDBCB5000A1AD0 /* Project object */ = {
			isa = PBXProject;
			attributes = {
				LastUpgradeCheck = 0810;
				ORGANIZATIONNAME = blackmatch;
				TargetAttributes = {
					5970D42E1DEDBCB6000A1AD0 = {
						CreatedOnToolsVersion = 8.1;
						ProvisioningStyle = Automatic;
					};
					5970D4471DEDBCB6000A1AD0 = {
						CreatedOnToolsVersion = 8.1;
						ProvisioningStyle = Automatic;
						TestTargetID = 5970D42E1DEDBCB6000A1AD0;
					};
					5970D4521DEDBCB6000A1AD0 = {
						CreatedOnToolsVersion = 8.1;
						ProvisioningStyle = Automatic;
						TestTargetID = 5970D42E1DEDBCB6000A1AD0;
					};
				};
			};
			buildConfigurationList = 5970D42A1DEDBCB5000A1AD0 /* Build configuration list for PBXProject "FreeTalk" */;
			compatibilityVersion = "Xcode 3.2";
			developmentRegion = English;
			hasScannedForEncodings = 0;
			knownRegions = (
				en,
				Base,
			);
			mainGroup = 5970D4261DEDBCB5000A1AD0;
			productRefGroup = 5970D4301DEDBCB6000A1AD0 /* Products */;
			projectDirPath = "";
			projectRoot = "";
			targets = (
				5970D42E1DEDBCB6000A1AD0 /* FreeTalk */,
				5970D4471DEDBCB6000A1AD0 /* FreeTalkTests */,
				5970D4521DEDBCB6000A1AD0 /* FreeTalkUITests */,
			);
		};
/* End PBXProject section */

/* Begin PBXResourcesBuildPhase section */
		5970D42D1DEDBCB6000A1AD0 /* Resources */ = {
			isa = PBXResourcesBuildPhase;
			buildActionMask = 2147483647;
			files = (
				5970D43F1DEDBCB6000A1AD0 /* Assets.xcassets in Resources */,
			);
			runOnlyForDeploymentPostprocessing = 0;
		};
		5970D4461DEDBCB6000A1AD0 /* Resources */ = {
			isa = PBXResourcesBuildPhase;
			buildActionMask = 2147483647;
			files = (
			);
			runOnlyForDeploymentPostprocessing = 0;
		};
		5970D4511DEDBCB6000A1AD0 /* Resources */ = {
			isa = PBXResourcesBuildPhase;
			buildActionMask = 2147483647;
			files = (
			);
			runOnlyForDeploymentPostprocessing = 0;
		};
/* End PBXResourcesBuildPhase section */

/* Begin PBXShellScriptBuildPhase section */
		09E64D88A94E2A95CA5D5465 /* 📦 Check Pods Manifest.lock */ = {
			isa = PBXShellScriptBuildPhase;
			buildActionMask = 2147483647;
			files = (
			);
			inputPaths = (
			);
			name = "📦 Check Pods Manifest.lock";
			outputPaths = (
			);
			runOnlyForDeploymentPostprocessing = 0;
			shellPath = /bin/sh;
			shellScript = "diff \"${PODS_ROOT}/../Podfile.lock\" \"${PODS_ROOT}/Manifest.lock\" > /dev/null\nif [[ $? != 0 ]] ; then\n    cat << EOM\nerror: The sandbox is not in sync with the Podfile.lock. Run 'pod install' or update your CocoaPods installation.\nEOM\n    exit 1\nfi\n";
			showEnvVarsInLog = 0;
		};
		0F9ACCE338774C2AD3DCA930 /* 📦 Embed Pods Frameworks */ = {
			isa = PBXShellScriptBuildPhase;
			buildActionMask = 2147483647;
			files = (
			);
			inputPaths = (
			);
			name = "📦 Embed Pods Frameworks";
			outputPaths = (
			);
			runOnlyForDeploymentPostprocessing = 0;
			shellPath = /bin/sh;
			shellScript = "\"${SRCROOT}/Pods/Target Support Files/Pods-FreeTalk/Pods-FreeTalk-frameworks.sh\"\n";
			showEnvVarsInLog = 0;
		};
		48963780BE1FEA74D1A79E68 /* 📦 Check Pods Manifest.lock */ = {
			isa = PBXShellScriptBuildPhase;
			buildActionMask = 2147483647;
			files = (
			);
			inputPaths = (
			);
			name = "📦 Check Pods Manifest.lock";
			outputPaths = (
			);
			runOnlyForDeploymentPostprocessing = 0;
			shellPath = /bin/sh;
			shellScript = "diff \"${PODS_ROOT}/../Podfile.lock\" \"${PODS_ROOT}/Manifest.lock\" > /dev/null\nif [[ $? != 0 ]] ; then\n    cat << EOM\nerror: The sandbox is not in sync with the Podfile.lock. Run 'pod install' or update your CocoaPods installation.\nEOM\n    exit 1\nfi\n";
			showEnvVarsInLog = 0;
		};
		52B3C50F12F40919A0273931 /* 📦 Copy Pods Resources */ = {
			isa = PBXShellScriptBuildPhase;
			buildActionMask = 2147483647;
			files = (
			);
			inputPaths = (
			);
			name = "📦 Copy Pods Resources";
			outputPaths = (
			);
			runOnlyForDeploymentPostprocessing = 0;
			shellPath = /bin/sh;
			shellScript = "\"${SRCROOT}/Pods/Target Support Files/Pods-FreeTalk/Pods-FreeTalk-resources.sh\"\n";
			showEnvVarsInLog = 0;
		};
		5970D4981DEDD27E000A1AD0 /* ShellScript */ = {
			isa = PBXShellScriptBuildPhase;
			buildActionMask = 2147483647;
			files = (
			);
			inputPaths = (
				"$(SRCROOT)/Carthage/Build/iOS/CocoaAsyncSocket.framework",
			);
			outputPaths = (
			);
			runOnlyForDeploymentPostprocessing = 0;
			shellPath = /bin/sh;
			shellScript = "/usr/local/bin/carthage copy-frameworks";
		};
		AACA3BE1C181B04C96C657CB /* 📦 Copy Pods Resources */ = {
			isa = PBXShellScriptBuildPhase;
			buildActionMask = 2147483647;
			files = (
			);
			inputPaths = (
			);
			name = "📦 Copy Pods Resources";
			outputPaths = (
			);
			runOnlyForDeploymentPostprocessing = 0;
			shellPath = /bin/sh;
			shellScript = "\"${SRCROOT}/Pods/Target Support Files/Pods-FreeTalkTests/Pods-FreeTalkTests-resources.sh\"\n";
			showEnvVarsInLog = 0;
		};
		AE079D1827B8E56FD6D38084 /* 📦 Check Pods Manifest.lock */ = {
			isa = PBXShellScriptBuildPhase;
			buildActionMask = 2147483647;
			files = (
			);
			inputPaths = (
			);
			name = "📦 Check Pods Manifest.lock";
			outputPaths = (
			);
			runOnlyForDeploymentPostprocessing = 0;
			shellPath = /bin/sh;
			shellScript = "diff \"${PODS_ROOT}/../Podfile.lock\" \"${PODS_ROOT}/Manifest.lock\" > /dev/null\nif [[ $? != 0 ]] ; then\n    cat << EOM\nerror: The sandbox is not in sync with the Podfile.lock. Run 'pod install' or update your CocoaPods installation.\nEOM\n    exit 1\nfi\n";
			showEnvVarsInLog = 0;
		};
		B664D0CE4EF129F2305D927E /* 📦 Embed Pods Frameworks */ = {
			isa = PBXShellScriptBuildPhase;
			buildActionMask = 2147483647;
			files = (
			);
			inputPaths = (
			);
			name = "📦 Embed Pods Frameworks";
			outputPaths = (
			);
			runOnlyForDeploymentPostprocessing = 0;
			shellPath = /bin/sh;
			shellScript = "\"${SRCROOT}/Pods/Target Support Files/Pods-FreeTalkTests/Pods-FreeTalkTests-frameworks.sh\"\n";
			showEnvVarsInLog = 0;
		};
		D56E52BC619FF5B42196226D /* 📦 Copy Pods Resources */ = {
			isa = PBXShellScriptBuildPhase;
			buildActionMask = 2147483647;
			files = (
			);
			inputPaths = (
			);
			name = "📦 Copy Pods Resources";
			outputPaths = (
			);
			runOnlyForDeploymentPostprocessing = 0;
			shellPath = /bin/sh;
			shellScript = "\"${SRCROOT}/Pods/Target Support Files/Pods-FreeTalkUITests/Pods-FreeTalkUITests-resources.sh\"\n";
			showEnvVarsInLog = 0;
		};
/* End PBXShellScriptBuildPhase section */

/* Begin PBXSourcesBuildPhase section */
		5970D42B1DEDBCB6000A1AD0 /* Sources */ = {
			isa = PBXSourcesBuildPhase;
			buildActionMask = 2147483647;
			files = (
				5970D48D1DEDC264000A1AD0 /* FTCircleViewController.m in Sources */,
				5970D4831DEDBFCA000A1AD0 /* UIView+Frame.m in Sources */,
				5970D4931DEDC2A2000A1AD0 /* FTMeViewController.m in Sources */,
				5970D4871DEDC0D7000A1AD0 /* FTMainTabViewController.m in Sources */,
				5970D4901DEDC288000A1AD0 /* FTChatViewController.m in Sources */,
				5970D48A1DEDC128000A1AD0 /* FTMainNavViewController.m in Sources */,
				5970D4811DEDBFCA000A1AD0 /* AppDelegate.m in Sources */,
				5970D4841DEDBFCA000A1AD0 /* main.m in Sources */,
			);
			runOnlyForDeploymentPostprocessing = 0;
		};
		5970D4441DEDBCB6000A1AD0 /* Sources */ = {
			isa = PBXSourcesBuildPhase;
			buildActionMask = 2147483647;
			files = (
				5970D44D1DEDBCB6000A1AD0 /* FreeTalkTests.m in Sources */,
			);
			runOnlyForDeploymentPostprocessing = 0;
		};
		5970D44F1DEDBCB6000A1AD0 /* Sources */ = {
			isa = PBXSourcesBuildPhase;
			buildActionMask = 2147483647;
			files = (
				5970D4581DEDBCB6000A1AD0 /* FreeTalkUITests.m in Sources */,
			);
			runOnlyForDeploymentPostprocessing = 0;
		};
/* End PBXSourcesBuildPhase section */

/* Begin PBXTargetDependency section */
		5970D44A1DEDBCB6000A1AD0 /* PBXTargetDependency */ = {
			isa = PBXTargetDependency;
			target = 5970D42E1DEDBCB6000A1AD0 /* FreeTalk */;
			targetProxy = 5970D4491DEDBCB6000A1AD0 /* PBXContainerItemProxy */;
		};
		5970D4551DEDBCB6000A1AD0 /* PBXTargetDependency */ = {
			isa = PBXTargetDependency;
			target = 5970D42E1DEDBCB6000A1AD0 /* FreeTalk */;
			targetProxy = 5970D4541DEDBCB6000A1AD0 /* PBXContainerItemProxy */;
		};
/* End PBXTargetDependency section */

/* Begin XCBuildConfiguration section */
		5970D45A1DEDBCB6000A1AD0 /* Debug */ = {
			isa = XCBuildConfiguration;
			buildSettings = {
				ALWAYS_SEARCH_USER_PATHS = NO;
				CLANG_ANALYZER_NONNULL = YES;
				CLANG_CXX_LANGUAGE_STANDARD = "gnu++0x";
				CLANG_CXX_LIBRARY = "libc++";
				CLANG_ENABLE_MODULES = YES;
				CLANG_ENABLE_OBJC_ARC = YES;
				CLANG_WARN_BOOL_CONVERSION = YES;
				CLANG_WARN_CONSTANT_CONVERSION = YES;
				CLANG_WARN_DIRECT_OBJC_ISA_USAGE = YES_ERROR;
				CLANG_WARN_DOCUMENTATION_COMMENTS = YES;
				CLANG_WARN_EMPTY_BODY = YES;
				CLANG_WARN_ENUM_CONVERSION = YES;
				CLANG_WARN_INFINITE_RECURSION = YES;
				CLANG_WARN_INT_CONVERSION = YES;
				CLANG_WARN_OBJC_ROOT_CLASS = YES_ERROR;
				CLANG_WARN_SUSPICIOUS_MOVES = YES;
				CLANG_WARN_UNREACHABLE_CODE = YES;
				CLANG_WARN__DUPLICATE_METHOD_MATCH = YES;
				"CODE_SIGN_IDENTITY[sdk=iphoneos*]" = "iPhone Developer";
				COPY_PHASE_STRIP = NO;
				DEBUG_INFORMATION_FORMAT = dwarf;
				ENABLE_STRICT_OBJC_MSGSEND = YES;
				ENABLE_TESTABILITY = YES;
				GCC_C_LANGUAGE_STANDARD = gnu99;
				GCC_DYNAMIC_NO_PIC = NO;
				GCC_NO_COMMON_BLOCKS = YES;
				GCC_OPTIMIZATION_LEVEL = 0;
				GCC_PREPROCESSOR_DEFINITIONS = (
					"DEBUG=1",
					"$(inherited)",
				);
				GCC_WARN_64_TO_32_BIT_CONVERSION = YES;
				GCC_WARN_ABOUT_RETURN_TYPE = YES_ERROR;
				GCC_WARN_UNDECLARED_SELECTOR = YES;
				GCC_WARN_UNINITIALIZED_AUTOS = YES_AGGRESSIVE;
				GCC_WARN_UNUSED_FUNCTION = YES;
				GCC_WARN_UNUSED_VARIABLE = YES;
				IPHONEOS_DEPLOYMENT_TARGET = 10.1;
				MTL_ENABLE_DEBUG_INFO = YES;
				ONLY_ACTIVE_ARCH = YES;
				SDKROOT = iphoneos;
			};
			name = Debug;
		};
		5970D45B1DEDBCB6000A1AD0 /* Release */ = {
			isa = XCBuildConfiguration;
			buildSettings = {
				ALWAYS_SEARCH_USER_PATHS = NO;
				CLANG_ANALYZER_NONNULL = YES;
				CLANG_CXX_LANGUAGE_STANDARD = "gnu++0x";
				CLANG_CXX_LIBRARY = "libc++";
				CLANG_ENABLE_MODULES = YES;
				CLANG_ENABLE_OBJC_ARC = YES;
				CLANG_WARN_BOOL_CONVERSION = YES;
				CLANG_WARN_CONSTANT_CONVERSION = YES;
				CLANG_WARN_DIRECT_OBJC_ISA_USAGE = YES_ERROR;
				CLANG_WARN_DOCUMENTATION_COMMENTS = YES;
				CLANG_WARN_EMPTY_BODY = YES;
				CLANG_WARN_ENUM_CONVERSION = YES;
				CLANG_WARN_INFINITE_RECURSION = YES;
				CLANG_WARN_INT_CONVERSION = YES;
				CLANG_WARN_OBJC_ROOT_CLASS = YES_ERROR;
				CLANG_WARN_SUSPICIOUS_MOVES = YES;
				CLANG_WARN_UNREACHABLE_CODE = YES;
				CLANG_WARN__DUPLICATE_METHOD_MATCH = YES;
				"CODE_SIGN_IDENTITY[sdk=iphoneos*]" = "iPhone Developer";
				COPY_PHASE_STRIP = NO;
				DEBUG_INFORMATION_FORMAT = "dwarf-with-dsym";
				ENABLE_NS_ASSERTIONS = NO;
				ENABLE_STRICT_OBJC_MSGSEND = YES;
				GCC_C_LANGUAGE_STANDARD = gnu99;
				GCC_NO_COMMON_BLOCKS = YES;
				GCC_WARN_64_TO_32_BIT_CONVERSION = YES;
				GCC_WARN_ABOUT_RETURN_TYPE = YES_ERROR;
				GCC_WARN_UNDECLARED_SELECTOR = YES;
				GCC_WARN_UNINITIALIZED_AUTOS = YES_AGGRESSIVE;
				GCC_WARN_UNUSED_FUNCTION = YES;
				GCC_WARN_UNUSED_VARIABLE = YES;
				IPHONEOS_DEPLOYMENT_TARGET = 10.1;
				MTL_ENABLE_DEBUG_INFO = NO;
				SDKROOT = iphoneos;
				VALIDATE_PRODUCT = YES;
			};
			name = Release;
		};
		5970D45D1DEDBCB6000A1AD0 /* Debug */ = {
			isa = XCBuildConfiguration;
			baseConfigurationReference = E8C6B87C7DC0573BC6114D28 /* Pods-FreeTalk.debug.xcconfig */;
			buildSettings = {
				ASSETCATALOG_COMPILER_APPICON_NAME = AppIcon;
				FRAMEWORK_SEARCH_PATHS = (
					"$(inherited)",
					"$(PROJECT_DIR)/Carthage/Build/iOS",
				);
				INFOPLIST_FILE = FreeTalk/Info.plist;
				IPHONEOS_DEPLOYMENT_TARGET = 8.0;
				LD_RUNPATH_SEARCH_PATHS = "$(inherited) @executable_path/Frameworks";
				PRODUCT_BUNDLE_IDENTIFIER = com.hackinmyway.www.FreeTalk;
				PRODUCT_NAME = "$(TARGET_NAME)";
			};
			name = Debug;
		};
		5970D45E1DEDBCB6000A1AD0 /* Release */ = {
			isa = XCBuildConfiguration;
			baseConfigurationReference = 133095AAEA73AB09C0129685 /* Pods-FreeTalk.release.xcconfig */;
			buildSettings = {
				ASSETCATALOG_COMPILER_APPICON_NAME = AppIcon;
				FRAMEWORK_SEARCH_PATHS = (
					"$(inherited)",
					"$(PROJECT_DIR)/Carthage/Build/iOS",
				);
				INFOPLIST_FILE = FreeTalk/Info.plist;
				IPHONEOS_DEPLOYMENT_TARGET = 8.0;
				LD_RUNPATH_SEARCH_PATHS = "$(inherited) @executable_path/Frameworks";
				PRODUCT_BUNDLE_IDENTIFIER = com.hackinmyway.www.FreeTalk;
				PRODUCT_NAME = "$(TARGET_NAME)";
			};
			name = Release;
		};
		5970D4601DEDBCB6000A1AD0 /* Debug */ = {
			isa = XCBuildConfiguration;
			baseConfigurationReference = 2542A5330FEB641A213843AC /* Pods-FreeTalkTests.debug.xcconfig */;
			buildSettings = {
				BUNDLE_LOADER = "$(TEST_HOST)";
				INFOPLIST_FILE = FreeTalkTests/Info.plist;
				LD_RUNPATH_SEARCH_PATHS = "$(inherited) @executable_path/Frameworks @loader_path/Frameworks";
				PRODUCT_BUNDLE_IDENTIFIER = com.hackinmyway.www.FreeTalkTests;
				PRODUCT_NAME = "$(TARGET_NAME)";
				TEST_HOST = "$(BUILT_PRODUCTS_DIR)/FreeTalk.app/FreeTalk";
			};
			name = Debug;
		};
		5970D4611DEDBCB6000A1AD0 /* Release */ = {
			isa = XCBuildConfiguration;
			baseConfigurationReference = E4EAFFC60108EAF541D3A9C8 /* Pods-FreeTalkTests.release.xcconfig */;
			buildSettings = {
				BUNDLE_LOADER = "$(TEST_HOST)";
				INFOPLIST_FILE = FreeTalkTests/Info.plist;
				LD_RUNPATH_SEARCH_PATHS = "$(inherited) @executable_path/Frameworks @loader_path/Frameworks";
				PRODUCT_BUNDLE_IDENTIFIER = com.hackinmyway.www.FreeTalkTests;
				PRODUCT_NAME = "$(TARGET_NAME)";
				TEST_HOST = "$(BUILT_PRODUCTS_DIR)/FreeTalk.app/FreeTalk";
			};
			name = Release;
		};
		5970D4631DEDBCB6000A1AD0 /* Debug */ = {
			isa = XCBuildConfiguration;
			baseConfigurationReference = 7FFC53C4AE049BB02D6FF871 /* Pods-FreeTalkUITests.debug.xcconfig */;
			buildSettings = {
				INFOPLIST_FILE = FreeTalkUITests/Info.plist;
				LD_RUNPATH_SEARCH_PATHS = "$(inherited) @executable_path/Frameworks @loader_path/Frameworks";
				PRODUCT_BUNDLE_IDENTIFIER = com.hackinmyway.www.FreeTalkUITests;
				PRODUCT_NAME = "$(TARGET_NAME)";
				TEST_TARGET_NAME = FreeTalk;
			};
			name = Debug;
		};
		5970D4641DEDBCB6000A1AD0 /* Release */ = {
			isa = XCBuildConfiguration;
			baseConfigurationReference = E1A7BF1BF5BCB049436A0B7F /* Pods-FreeTalkUITests.release.xcconfig */;
			buildSettings = {
				INFOPLIST_FILE = FreeTalkUITests/Info.plist;
				LD_RUNPATH_SEARCH_PATHS = "$(inherited) @executable_path/Frameworks @loader_path/Frameworks";
				PRODUCT_BUNDLE_IDENTIFIER = com.hackinmyway.www.FreeTalkUITests;
				PRODUCT_NAME = "$(TARGET_NAME)";
				TEST_TARGET_NAME = FreeTalk;
			};
			name = Release;
		};
/* End XCBuildConfiguration section */

/* Begin XCConfigurationList section */
		5970D42A1DEDBCB5000A1AD0 /* Build configuration list for PBXProject "FreeTalk" */ = {
			isa = XCConfigurationList;
			buildConfigurations = (
				5970D45A1DEDBCB6000A1AD0 /* Debug */,
				5970D45B1DEDBCB6000A1AD0 /* Release */,
			);
			defaultConfigurationIsVisible = 0;
			defaultConfigurationName = Release;
		};
		5970D45C1DEDBCB6000A1AD0 /* Build configuration list for PBXNativeTarget "FreeTalk" */ = {
			isa = XCConfigurationList;
			buildConfigurations = (
				5970D45D1DEDBCB6000A1AD0 /* Debug */,
				5970D45E1DEDBCB6000A1AD0 /* Release */,
			);
			defaultConfigurationIsVisible = 0;
			defaultConfigurationName = Release;
		};
		5970D45F1DEDBCB6000A1AD0 /* Build configuration list for PBXNativeTarget "FreeTalkTests" */ = {
			isa = XCConfigurationList;
			buildConfigurations = (
				5970D4601DEDBCB6000A1AD0 /* Debug */,
				5970D4611DEDBCB6000A1AD0 /* Release */,
			);
			defaultConfigurationIsVisible = 0;
			defaultConfigurationName = Release;
		};
		5970D4621DEDBCB6000A1AD0 /* Build configuration list for PBXNativeTarget "FreeTalkUITests" */ = {
			isa = XCConfigurationList;
			buildConfigurations = (
				5970D4631DEDBCB6000A1AD0 /* Debug */,
				5970D4641DEDBCB6000A1AD0 /* Release */,
			);
			defaultConfigurationIsVisible = 0;
			defaultConfigurationName = Release;
		};
/* End XCConfigurationList section */
	};
	rootObject = 5970D4271DEDBCB5000A1AD0 /* Project object */;
}
